
Microsoft Visual Studio Solution File, Format Version 12.00
# Visual Studio Version 17
VisualStudioVersion = 17.2.32526.322
MinimumVisualStudioVersion = 10.0.40219.1
Project("{FAE04EC0-301F-11D3-BF4B-00C04F79EFBC}") = "NhsImsApp", "NhsImsApp.csproj", "{B3284BC5-20C2-4828-810F-0FEA2324A696}"
EndProject
Project("{FAE04EC0-301F-11D3-BF4B-00C04F79EFBC}") = "NHSIMSApp.Tests", "NHSIMSApp.Tests\NHSIMSApp.Tests.csproj", "{B91C1FA5-1E66-43C9-BF6E-EF76A1610203}"
EndProject
Global
	GlobalSection(SolutionConfigurationPlatforms) = preSolution
		Debug|Any CPU = Debug|Any CPU
		Release|Any CPU = Release|Any CPU
	EndGlobalSection
	GlobalSection(ProjectConfigurationPlatforms) = postSolution
		{B3284BC5-20C2-4828-810F-0FEA2324A696}.Debug|Any CPU.ActiveCfg = Debug|Any CPU
		{B3284BC5-20C2-4828-810F-0FEA2324A696}.Debug|Any CPU.Build.0 = Debug|Any CPU
		{B3284BC5-20C2-4828-810F-0FEA2324A696}.Release|Any CPU.ActiveCfg = Release|Any CPU
		{B3284BC5-20C2-4828-810F-0FEA2324A696}.Release|Any CPU.Build.0 = Release|Any CPU
		{B91C1FA5-1E66-43C9-BF6E-EF76A1610203}.Debug|Any CPU.ActiveCfg = Debug|Any CPU
		{B91C1FA5-1E66-43C9-BF6E-EF76A1610203}.Debug|Any CPU.Build.0 = Debug|Any CPU
		{B91C1FA5-1E66-43C9-BF6E-EF76A1610203}.Release|Any CPU.ActiveCfg = Release|Any CPU
		{B91C1FA5-1E66-43C9-BF6E-EF76A1610203}.Release|Any CPU.Build.0 = Release|Any CPU
	EndGlobalSection
	GlobalSection(SolutionProperties) = preSolution
		HideSolutionNode = FALSE
	EndGlobalSection
	GlobalSection(ExtensibilityGlobals) = postSolution
		SolutionGuid = {83BC057D-F9F3-4C33-8497-0B2CB28C89DA}
	EndGlobalSection
EndGlobal
